{
    "version": "0.5",
    "requires": [
        "zlib/1.3.2#1cb806da49011867778ffb6ac7190fcb%1777558780.503",
        "stduuid/1.2.3#6faafc03e1d59789d6304ed3f46b74d4%1696960911.728",
        "spdlog/1.17.0#bcbaaf7147bda6ad24ffbd1ac3d7142c%1767636069.964",
        "re2/20251105#8579cfd0bda4daf0683f9e3898f964b4%1772560729.95",
        "protobuf/7.35.0#59f5248022af755532bfe62482c3de80%1779376426.695",
        "protobuf/5.29.6#82b000e57d7f3310548a95176114e148%1778763148.342",
        "openssl/3.6.2#36f92686a9285adfe2ccd1c1dbf9ea35%1775635547.022",
        "ms-gsl/4.0.0#057429d7a351a5819da5ddd19ee33665%1730272183.697",
        "grpc/1.78.1#b1a9e74b145cc471bed4dc64dc6eb2c1%1772623605.068",
        "ftxui/6.1.9#053f78ab577d2d787fce0cd2e72bfa69%1748517521.121",
        "fmt/12.1.0#50abab23274d56bb8f42c94b3b9a40c7%1761885265.231",
        "cli11/2.6.2#312ccb795ff5b571d9f4b1a3637b1eee%1776949795.774",
        "catch2/3.7.1#d828f12a91e21037c58d9f08ddb63b5d%1736250257.042",
        "c-ares/1.34.6#545240bb1c40e2cacd4362d6b8967650%1766500685.317",
        "abseil/20250127.0#e0dcc4b8a367edb49b062cb07ed8e9e6%1773137903.431"
    ],
    "build_requires": [
        "zlib/1.3.2#1cb806da49011867778ffb6ac7190fcb%1777558780.503",
        "protobuf/7.35.0#59f5248022af755532bfe62482c3de80%1779376426.695",
        "protobuf/5.29.6#82b000e57d7f3310548a95176114e148%1778763148.342",
        "cmake/4.3.2#c740c22f711eb5ef0cec51c40b84657b%1776934625.055",
        "abseil/20250127.0#e0dcc4b8a367edb49b062cb07ed8e9e6%1773137903.431"
    ],
    "python_requires": [],
    "overrides": {
        "protobuf/[>=5.27.0 <7]": [
            "protobuf/5.29.6"
        ]
    },
    "config_requires": []
}
